{
  "name": "attachbar-zxy",
  "version": "0.1.0",
  "lockfileVersion": 3,
  "requires": true,
  "packages": {
    "": {
      "name": "attachbar-zxy",
      "version": "0.1.0",
      "license": "MIT",
      "workspaces": [
        "packages/core",
        "packages/dom-renderer",
        "packages/maplibre-adapter"
      ]
    },
    "node_modules/@attachbar-zxy/core": {
      "resolved": "packages/core",
      "link": true
    },
    "node_modules/@attachbar-zxy/dom-renderer": {
      "resolved": "packages/dom-renderer",
      "link": true
    },
    "node_modules/@attachbar-zxy/maplibre-adapter": {
      "resolved": "packages/maplibre-adapter",
      "link": true
    },
    "packages/core": {
      "name": "@attachbar-zxy/core",
      "version": "0.1.0"
    },
    "packages/dom-renderer": {
      "name": "@attachbar-zxy/dom-renderer",
      "version": "0.1.0"
    },
    "packages/maplibre-adapter": {
      "name": "@attachbar-zxy/maplibre-adapter",
      "version": "0.1.0",
      "dependencies": {
        "@attachbar-zxy/core": "0.1.0",
        "@attachbar-zxy/dom-renderer": "0.1.0"
      }
    }
  }
}
